<?xml version="1.0" encoding="utf-8"?>
<Project ToolsVersion="4.0" xmlns="http://schemas.microsoft.com/developer/msbuild/2003">
  <ItemGroup>
    <Filter Include="Source Files">
      <UniqueIdentifier>{4FC737F1-C7A5-4376-A066-2A32D752A2FF}</UniqueIdentifier>
      <Extensions>cpp;c;cc;cxx;def;odl;idl;hpj;bat;asm;asmx</Extensions>
    </Filter>
    <Filter Include="Source Files\Candlelight">
      <UniqueIdentifier>{8fc2eb44-26df-44f8-96ed-3e17d99d70d7}</UniqueIdentifier>
    </Filter>
  </ItemGroup>
  <ItemGroup>
    <ClInclude Include="CANableDemo.h">
      <Filter>Source Files</Filter>
    </ClInclude>
    <ClInclude Include="stdafx.h">
      <Filter>Source Files</Filter>
    </ClInclude>
    <ClInclude Include="Candlelight\Candlelight.h">
      <Filter>Source Files\Candlelight</Filter>
    </ClInclude>
    <ClInclude Include="Candlelight\Candlelight_def.h">
      <Filter>Source Files\Candlelight</Filter>
    </ClInclude>
    <ClInclude Include="Candlelight\WinUSB_def.h">
      <Filter>Source Files\Candlelight</Filter>
    </ClInclude>
  </ItemGroup>
  <ItemGroup>
    <ClCompile Include="stdafx.cpp">
      <Filter>Source Files</Filter>
    </ClCompile>
    <ClCompile Include="CANableDemo.cpp">
      <Filter>Source Files</Filter>
    </ClCompile>
    <ClCompile Include="Candlelight\Candlelight.cpp">
      <Filter>Source Files\Candlelight</Filter>
    </ClCompile>
  </ItemGroup>
</Project>